
Microsoft Visual Studio Solution File, Format Version 12.00
# Visual Studio Version 17
VisualStudioVersion = 17.5.33502.453
MinimumVisualStudioVersion = 10.0.40219.1
Project("{FAE04EC0-301F-11D3-BF4B-00C04F79EFBC}") = "VehicleDrive", "VehicleDrive.csproj", "{FFD4A89A-6D71-4387-BB1A-7E3022FE521A}"
EndProject
Global
	GlobalSection(SolutionConfigurationPlatforms) = preSolution
		Debug|Any CPU = Debug|Any CPU
		Release|Any CPU = Release|Any CPU
	EndGlobalSection
	GlobalSection(ProjectConfigurationPlatforms) = postSolution
		{FFD4A89A-6D71-4387-BB1A-7E3022FE521A}.Debug|Any CPU.ActiveCfg = Debug|Any CPU
		{FFD4A89A-6D71-4387-BB1A-7E3022FE521A}.Debug|Any CPU.Build.0 = Debug|Any CPU
		{FFD4A89A-6D71-4387-BB1A-7E3022FE521A}.Release|Any CPU.ActiveCfg = Release|Any CPU
		{FFD4A89A-6D71-4387-BB1A-7E3022FE521A}.Release|Any CPU.Build.0 = Release|Any CPU
	EndGlobalSection
	GlobalSection(SolutionProperties) = preSolution
		HideSolutionNode = FALSE
	EndGlobalSection
	GlobalSection(ExtensibilityGlobals) = postSolution
		SolutionGuid = {C1B7AC2A-344F-4051-A21F-37B7F35817A7}
	EndGlobalSection
EndGlobal
